PODS:
  - KzSDK-Swift (1.0.4):
    - SwiftyRSA (~> 1.5.0)
  - SwiftyRSA (1.5.0):
    - SwiftyRSA/ObjC (= 1.5.0)
  - SwiftyRSA/ObjC (1.5.0)

DEPENDENCIES:
  - KzSDK-Swift (= 1.0.4)

SPEC REPOS:
  https://github.com/cocoapods/specs.git:
    - KzSDK-Swift
    - SwiftyRSA

SPEC CHECKSUMS:
  KzSDK-Swift: 27c69d2766c79789208ca5f98c5b1baec0d6235f
  SwiftyRSA: 6e528fb1b1a87d5111c48081083b141d6d65f1cf

PODFILE CHECKSUM: 3b79fd86791844459ec9d6a12aba6d37cc356de4

COCOAPODS: 1.5.3
